// !$*UTF8*$!
{
	archiveVersion = 1;
	classes = {
	};
	objectVersion = 50;
	objects = {

/* Begin PBXBuildFile section */
		2F0D5E83252E1CA700B51F4A /* AppDelegate.swift in Sources */ = {isa = PBXBuildFile; fileRef = 2F0D5E82252E1CA700B51F4A /* AppDelegate.swift */; };
		2F0D5E85252E1CA700B51F4A /* SceneDelegate.swift in Sources */ = {isa = PBXBuildFile; fileRef = 2F0D5E84252E1CA700B51F4A /* SceneDelegate.swift */; };
		2F0D5E87252E1CA700B51F4A /* CadastroViewController.swift in Sources */ = {isa = PBXBuildFile; fileRef = 2F0D5E86252E1CA700B51F4A /* CadastroViewController.swift */; };
		2F0D5E8A252E1CA700B51F4A /* Main.storyboard in Resources */ = {isa = PBXBuildFile; fileRef = 2F0D5E88252E1CA700B51F4A /* Main.storyboard */; };
		2F0D5E8C252E1CAA00B51F4A /* Assets.xcassets in Resources */ = {isa = PBXBuildFile; fileRef = 2F0D5E8B252E1CAA00B51F4A /* Assets.xcassets */; };
		2F0D5E8F252E1CAA00B51F4A /* LaunchScreen.storyboard in Resources */ = {isa = PBXBuildFile; fileRef = 2F0D5E8D252E1CAA00B51F4A /* LaunchScreen.storyboard */; };
		2F610194252E9E9D0008F5E8 /* Usuario.swift in Sources */ = {isa = PBXBuildFile; fileRef = 2F610193252E9E9D0008F5E8 /* Usuario.swift */; };
		2F610196252E9FF30008F5E8 /* Endereco.swift in Sources */ = {isa = PBXBuildFile; fileRef = 2F610195252E9FF30008F5E8 /* Endereco.swift */; };
		2F70DF75252E868F00018E32 /* EnderecoViewController.swift in Sources */ = {isa = PBXBuildFile; fileRef = 2F70DF74252E868F00018E32 /* EnderecoViewController.swift */; };
/* End PBXBuildFile section */

/* Begin PBXFileReference section */
		2F0D5E7F252E1CA700B51F4A /* Cadastro.app */ = {isa = PBXFileReference; explicitFileType = wrapper.application; includeInIndex = 0; path = Cadastro.app; sourceTree = BUILT_PRODUCTS_DIR; };
		2F0D5E82252E1CA700B51F4A /* AppDelegate.swift */ = {isa = PBXFileReference; lastKnownFileType = sourcecode.swift; path = AppDelegate.swift; sourceTree = "<group>"; };
		2F0D5E84252E1CA700B51F4A /* SceneDelegate.swift */ = {isa = PBXFileReference; lastKnownFileType = sourcecode.swift; path = SceneDelegate.swift; sourceTree = "<group>"; };
		2F0D5E86252E1CA700B51F4A /* CadastroViewController.swift */ = {isa = PBXFileReference; lastKnownFileType = sourcecode.swift; path = CadastroViewController.swift; sourceTree = "<group>"; };
		2F0D5E89252E1CA700B51F4A /* Base */ = {isa = PBXFileReference; lastKnownFileType = file.storyboard; name = Base; path = Base.lproj/Main.storyboard; sourceTree = "<group>"; };
		2F0D5E8B252E1CAA00B51F4A /* Assets.xcassets */ = {isa = PBXFileReference; lastKnownFileType = folder.assetcatalog; path = Assets.xcassets; sourceTree = "<group>"; };
		2F0D5E8E252E1CAA00B51F4A /* Base */ = {isa = PBXFileReference; lastKnownFileType = file.storyboard; name = Base; path = Base.lproj/LaunchScreen.storyboard; sourceTree = "<group>"; };
		2F0D5E90252E1CAA00B51F4A /* Info.plist */ = {isa = PBXFileReference; lastKnownFileType = text.plist.xml; path = Info.plist; sourceTree = "<group>"; };
		2F610193252E9E9D0008F5E8 /* Usuario.swift */ = {isa = PBXFileReference; lastKnownFileType = sourcecode.swift; path = Usuario.swift; sourceTree = "<group>"; };
		2F610195252E9FF30008F5E8 /* Endereco.swift */ = {isa = PBXFileReference; lastKnownFileType = sourcecode.swift; path = Endereco.swift; sourceTree = "<group>"; };
		2F70DF74252E868F00018E32 /* EnderecoViewController.swift */ = {isa = PBXFileReference; lastKnownFileType = sourcecode.swift; path = EnderecoViewController.swift; sourceTree = "<group>"; };
/* End PBXFileReference section */

/* Begin PBXFrameworksBuildPhase section */
		2F0D5E7C252E1CA700B51F4A /* Frameworks */ = {
			isa = PBXFrameworksBuildPhase;
			buildActionMask = 2147483647;
			files = (
			);
			runOnlyForDeploymentPostprocessing = 0;
		};
/* End PBXFrameworksBuildPhase section */

/* Begin PBXGroup section */
		2F0D5E76252E1CA700B51F4A = {
			isa = PBXGroup;
			children = (
				2F0D5E81252E1CA700B51F4A /* Cadastro */,
				2F0D5E80252E1CA700B51F4A /* Products */,
			);
			sourceTree = "<group>";
		};
		2F0D5E80252E1CA700B51F4A /* Products */ = {
			isa = PBXGroup;
			children = (
				2F0D5E7F252E1CA700B51F4A /* Cadastro.app */,
			);
			name = Products;
			sourceTree = "<group>";
		};
		2F0D5E81252E1CA700B51F4A /* Cadastro */ = {
			isa = PBXGroup;
			children = (
				2F610192252E9E820008F5E8 /* Models */,
				2F0D5E82252E1CA700B51F4A /* AppDelegate.swift */,
				2F0D5E84252E1CA700B51F4A /* SceneDelegate.swift */,
				2F0D5E86252E1CA700B51F4A /* CadastroViewController.swift */,
				2F70DF74252E868F00018E32 /* EnderecoViewController.swift */,
				2F0D5E88252E1CA700B51F4A /* Main.storyboard */,
				2F0D5E8B252E1CAA00B51F4A /* Assets.xcassets */,
				2F0D5E8D252E1CAA00B51F4A /* LaunchScreen.storyboard */,
				2F0D5E90252E1CAA00B51F4A /* Info.plist */,
			);
			path = Cadastro;
			sourceTree = "<group>";
		};
		2F610192252E9E820008F5E8 /* Models */ = {
			isa = PBXGroup;
			children = (
				2F610193252E9E9D0008F5E8 /* Usuario.swift */,
				2F610195252E9FF30008F5E8 /* Endereco.swift */,
			);
			path = Models;
			sourceTree = "<group>";
		};
/* End PBXGroup section */

/* Begin PBXNativeTarget section */
		2F0D5E7E252E1CA700B51F4A /* Cadastro */ = {
			isa = PBXNativeTarget;
			buildConfigurationList = 2F0D5E93252E1CAA00B51F4A /* Build configuration list for PBXNativeTarget "Cadastro" */;
			buildPhases = (
				2F0D5E7B252E1CA700B51F4A /* Sources */,
				2F0D5E7C252E1CA700B51F4A /* Frameworks */,
				2F0D5E7D252E1CA700B51F4A /* Resources */,
			);
			buildRules = (
			);
			dependencies = (
			);
			name = Cadastro;
			productName = Cadastro;
			productReference = 2F0D5E7F252E1CA700B51F4A /* Cadastro.app */;
			productType = "com.apple.product-type.application";
		};
/* End PBXNativeTarget section */

/* Begin PBXProject section */
		2F0D5E77252E1CA700B51F4A /* Project object */ = {
			isa = PBXProject;
			attributes = {
				LastSwiftUpdateCheck = 1170;
				LastUpgradeCheck = 1170;
				ORGANIZATIONNAME = "Matheus B. Grigoletto";
				TargetAttributes = {
					2F0D5E7E252E1CA700B51F4A = {
						CreatedOnToolsVersion = 11.7;
					};
				};
			};
			buildConfigurationList = 2F0D5E7A252E1CA700B51F4A /* Build configuration list for PBXProject "Cadastro" */;
			compatibilityVersion = "Xcode 9.3";
			developmentRegion = en;
			hasScannedForEncodings = 0;
			knownRegions = (
				en,
				Base,
			);
			mainGroup = 2F0D5E76252E1CA700B51F4A;
			productRefGroup = 2F0D5E80252E1CA700B51F4A /* Products */;
			projectDirPath = "";
			projectRoot = "";
			targets = (
				2F0D5E7E252E1CA700B51F4A /* Cadastro */,
			);
		};
/* End PBXProject section */

/* Begin PBXResourcesBuildPhase section */
		2F0D5E7D252E1CA700B51F4A /* Resources */ = {
			isa = PBXResourcesBuildPhase;
			buildActionMask = 2147483647;
			files = (
				2F0D5E8F252E1CAA00B51F4A /* LaunchScreen.storyboard in Resources */,
				2F0D5E8C252E1CAA00B51F4A /* Assets.xcassets in Resources */,
				2F0D5E8A252E1CA700B51F4A /* Main.storyboard in Resources */,
			);
			runOnlyForDeploymentPostprocessing = 0;
		};
/* End PBXResourcesBuildPhase section */

/* Begin PBXSourcesBuildPhase section */
		2F0D5E7B252E1CA700B51F4A /* Sources */ = {
			isa = PBXSourcesBuildPhase;
			buildActionMask = 2147483647;
			files = (
				2F610196252E9FF30008F5E8 /* Endereco.swift in Sources */,
				2F0D5E87252E1CA700B51F4A /* CadastroViewController.swift in Sources */,
				2F0D5E83252E1CA700B51F4A /* AppDelegate.swift in Sources */,
				2F0D5E85252E1CA700B51F4A /* SceneDelegate.swift in Sources */,
				2F610194252E9E9D0008F5E8 /* Usuario.swift in Sources */,
				2F70DF75252E868F00018E32 /* EnderecoViewController.swift in Sources */,
			);
			runOnlyForDeploymentPostprocessing = 0;
		};
/* End PBXSourcesBuildPhase section */

/* Begin PBXVariantGroup section */
		2F0D5E88252E1CA700B51F4A /* Main.storyboard */ = {
			isa = PBXVariantGroup;
			children = (
				2F0D5E89252E1CA700B51F4A /* Base */,
			);
			name = Main.storyboard;
			sourceTree = "<group>";
		};
		2F0D5E8D252E1CAA00B51F4A /* LaunchScreen.storyboard */ = {
			isa = PBXVariantGroup;
			children = (
				2F0D5E8E252E1CAA00B51F4A /* Base */,
			);
			name = LaunchScreen.storyboard;
			sourceTree = "<group>";
		};
/* End PBXVariantGroup section */

/* Begin XCBuildConfiguration section */
		2F0D5E91252E1CAA00B51F4A /* Debug */ = {
			isa = XCBuildConfiguration;
			buildSettings = {
				ALWAYS_SEARCH_USER_PATHS = NO;
				CLANG_ANALYZER_NONNULL = YES;
				CLANG_ANALYZER_NUMBER_OBJECT_CONVERSION = YES_AGGRESSIVE;
				CLANG_CXX_LANGUAGE_STANDARD = "gnu++14";
				CLANG_CXX_LIBRARY = "libc++";
				CLANG_ENABLE_MODULES = YES;
				CLANG_ENABLE_OBJC_ARC = YES;
				CLANG_ENABLE_OBJC_WEAK = YES;
				CLANG_WARN_BLOCK_CAPTURE_AUTORELEASING = YES;
				CLANG_WARN_BOOL_CONVERSION = YES;
				CLANG_WARN_COMMA = YES;
				CLANG_WARN_CONSTANT_CONVERSION = YES;
				CLANG_WARN_DEPRECATED_OBJC_IMPLEMENTATIONS = YES;
				CLANG_WARN_DIRECT_OBJC_ISA_USAGE = YES_ERROR;
				CLANG_WARN_DOCUMENTATION_COMMENTS = YES;
				CLANG_WARN_EMPTY_BODY = YES;
				CLANG_WARN_ENUM_CONVERSION = YES;
				CLANG_WARN_INFINITE_RECURSION = YES;
				CLANG_WARN_INT_CONVERSION = YES;
				CLANG_WARN_NON_LITERAL_NULL_CONVERSION = YES;
				CLANG_WARN_OBJC_IMPLICIT_RETAIN_SELF = YES;
				CLANG_WARN_OBJC_LITERAL_CONVERSION = YES;
				CLANG_WARN_OBJC_ROOT_CLASS = YES_ERROR;
				CLANG_WARN_RANGE_LOOP_ANALYSIS = YES;
				CLANG_WARN_STRICT_PROTOTYPES = YES;
				CLANG_WARN_SUSPICIOUS_MOVE = YES;
				CLANG_WARN_UNGUARDED_AVAILABILITY = YES_AGGRESSIVE;
				CLANG_WARN_UNREACHABLE_CODE = YES;
				CLANG_WARN__DUPLICATE_METHOD_MATCH = YES;
				COPY_PHASE_STRIP = NO;
				DEBUG_INFORMATION_FORMAT = dwarf;
				ENABLE_STRICT_OBJC_MSGSEND = YES;
				ENABLE_TESTABILITY = YES;
				GCC_C_LANGUAGE_STANDARD = gnu11;
				GCC_DYNAMIC_NO_PIC = NO;
				GCC_NO_COMMON_BLOCKS = YES;
				GCC_OPTIMIZATION_LEVEL = 0;
				GCC_PREPROCESSOR_DEFINITIONS = (
					"DEBUG=1",
					"$(inherited)",
				);
				GCC_WARN_64_TO_32_BIT_CONVERSION = YES;
				GCC_WARN_ABOUT_RETURN_TYPE = YES_ERROR;
				GCC_WARN_UNDECLARED_SELECTOR = YES;
				GCC_WARN_UNINITIALIZED_AUTOS = YES_AGGRESSIVE;
				GCC_WARN_UNUSED_FUNCTION = YES;
				GCC_WARN_UNUSED_VARIABLE = YES;
				IPHONEOS_DEPLOYMENT_TARGET = 13.7;
				MTL_ENABLE_DEBUG_INFO = INCLUDE_SOURCE;
				MTL_FAST_MATH = YES;
				ONLY_ACTIVE_ARCH = YES;
				SDKROOT = iphoneos;
				SWIFT_ACTIVE_COMPILATION_CONDITIONS = DEBUG;
				SWIFT_OPTIMIZATION_LEVEL = "-Onone";
			};
			name = Debug;
		};
		2F0D5E92252E1CAA00B51F4A /* Release */ = {
			isa = XCBuildConfiguration;
			buildSettings = {
				ALWAYS_SEARCH_USER_PATHS = NO;
				CLANG_ANALYZER_NONNULL = YES;
				CLANG_ANALYZER_NUMBER_OBJECT_CONVERSION = YES_AGGRESSIVE;
				CLANG_CXX_LANGUAGE_STANDARD = "gnu++14";
				CLANG_CXX_LIBRARY = "libc++";
				CLANG_ENABLE_MODULES = YES;
				CLANG_ENABLE_OBJC_ARC = YES;
				CLANG_ENABLE_OBJC_WEAK = YES;
				CLANG_WARN_BLOCK_CAPTURE_AUTORELEASING = YES;
				CLANG_WARN_BOOL_CONVERSION = YES;
				CLANG_WARN_COMMA = YES;
				CLANG_WARN_CONSTANT_CONVERSION = YES;
				CLANG_WARN_DEPRECATED_OBJC_IMPLEMENTATIONS = YES;
				CLANG_WARN_DIRECT_OBJC_ISA_USAGE = YES_ERROR;
				CLANG_WARN_DOCUMENTATION_COMMENTS = YES;
				CLANG_WARN_EMPTY_BODY = YES;
				CLANG_WARN_ENUM_CONVERSION = YES;
				CLANG_WARN_INFINITE_RECURSION = YES;
				CLANG_WARN_INT_CONVERSION = YES;
				CLANG_WARN_NON_LITERAL_NULL_CONVERSION = YES;
				CLANG_WARN_OBJC_IMPLICIT_RETAIN_SELF = YES;
				CLANG_WARN_OBJC_LITERAL_CONVERSION = YES;
				CLANG_WARN_OBJC_ROOT_CLASS = YES_ERROR;
				CLANG_WARN_RANGE_LOOP_ANALYSIS = YES;
				CLANG_WARN_STRICT_PROTOTYPES = YES;
				CLANG_WARN_SUSPICIOUS_MOVE = YES;
				CLANG_WARN_UNGUARDED_AVAILABILITY = YES_AGGRESSIVE;
				CLANG_WARN_UNREACHABLE_CODE = YES;
				CLANG_WARN__DUPLICATE_METHOD_MATCH = YES;
				COPY_PHASE_STRIP = NO;
				DEBUG_INFORMATION_FORMAT = "dwarf-with-dsym";
				ENABLE_NS_ASSERTIONS = NO;
				ENABLE_STRICT_OBJC_MSGSEND = YES;
				GCC_C_LANGUAGE_STANDARD = gnu11;
				GCC_NO_COMMON_BLOCKS = YES;
				GCC_WARN_64_TO_32_BIT_CONVERSION = YES;
				GCC_WARN_ABOUT_RETURN_TYPE = YES_ERROR;
				GCC_WARN_UNDECLARED_SELECTOR = YES;
				GCC_WARN_UNINITIALIZED_AUTOS = YES_AGGRESSIVE;
				GCC_WARN_UNUSED_FUNCTION = YES;
				GCC_WARN_UNUSED_VARIABLE = YES;
				IPHONEOS_DEPLOYMENT_TARGET = 13.7;
				MTL_ENABLE_DEBUG_INFO = NO;
				MTL_FAST_MATH = YES;
				SDKROOT = iphoneos;
				SWIFT_COMPILATION_MODE = wholemodule;
				SWIFT_OPTIMIZATION_LEVEL = "-O";
				VALIDATE_PRODUCT = YES;
			};
			name = Release;
		};
		2F0D5E94252E1CAA00B51F4A /* Debug */ = {
			isa = XCBuildConfiguration;
			buildSettings = {
				ASSETCATALOG_COMPILER_APPICON_NAME = AppIcon;
				CODE_SIGN_STYLE = Automatic;
				DEVELOPMENT_TEAM = TFMF8V2D92;
				INFOPLIST_FILE = Cadastro/Info.plist;
				LD_RUNPATH_SEARCH_PATHS = (
					"$(inherited)",
					"@executable_path/Frameworks",
				);
				MARKETING_VERSION = 1.0.0;
				PRODUCT_BUNDLE_IDENTIFIER = br.pro.nova.Cadastro;
				PRODUCT_NAME = "$(TARGET_NAME)";
				SWIFT_VERSION = 5.0;
				TARGETED_DEVICE_FAMILY = 1;
			};
			name = Debug;
		};
		2F0D5E95252E1CAA00B51F4A /* Release */ = {
			isa = XCBuildConfiguration;
			buildSettings = {
				ASSETCATALOG_COMPILER_APPICON_NAME = AppIcon;
				CODE_SIGN_STYLE = Automatic;
				DEVELOPMENT_TEAM = TFMF8V2D92;
				INFOPLIST_FILE = Cadastro/Info.plist;
				LD_RUNPATH_SEARCH_PATHS = (
					"$(inherited)",
					"@executable_path/Frameworks",
				);
				MARKETING_VERSION = 1.0.0;
				PRODUCT_BUNDLE_IDENTIFIER = br.pro.nova.Cadastro;
				PRODUCT_NAME = "$(TARGET_NAME)";
				SWIFT_VERSION = 5.0;
				TARGETED_DEVICE_FAMILY = 1;
			};
			name = Release;
		};
/* End XCBuildConfiguration section */

/* Begin XCConfigurationList section */
		2F0D5E7A252E1CA700B51F4A /* Build configuration list for PBXProject "Cadastro" */ = {
			isa = XCConfigurationList;
			buildConfigurations = (
				2F0D5E91252E1CAA00B51F4A /* Debug */,
				2F0D5E92252E1CAA00B51F4A /* Release */,
			);
			defaultConfigurationIsVisible = 0;
			defaultConfigurationName = Release;
		};
		2F0D5E93252E1CAA00B51F4A /* Build configuration list for PBXNativeTarget "Cadastro" */ = {
			isa = XCConfigurationList;
			buildConfigurations = (
				2F0D5E94252E1CAA00B51F4A /* Debug */,
				2F0D5E95252E1CAA00B51F4A /* Release */,
			);
			defaultConfigurationIsVisible = 0;
			defaultConfigurationName = Release;
		};
/* End XCConfigurationList section */
	};
	rootObject = 2F0D5E77252E1CA700B51F4A /* Project object */;
}
