// !$*UTF8*$!
{
	archiveVersion = 1;
	classes = {
	};
	objectVersion = 50;
	objects = {

/* Begin PBXBuildFile section */
		2FA95D46253A5E9D00010151 /* AppDelegate.swift in Sources */ = {isa = PBXBuildFile; fileRef = 2FA95D45253A5E9D00010151 /* AppDelegate.swift */; };
		2FA95D48253A5E9D00010151 /* SceneDelegate.swift in Sources */ = {isa = PBXBuildFile; fileRef = 2FA95D47253A5E9D00010151 /* SceneDelegate.swift */; };
		2FA95D4A253A5E9D00010151 /* ViewController.swift in Sources */ = {isa = PBXBuildFile; fileRef = 2FA95D49253A5E9D00010151 /* ViewController.swift */; };
		2FA95D4D253A5E9D00010151 /* Main.storyboard in Resources */ = {isa = PBXBuildFile; fileRef = 2FA95D4B253A5E9D00010151 /* Main.storyboard */; };
		2FA95D4F253A5EA000010151 /* Assets.xcassets in Resources */ = {isa = PBXBuildFile; fileRef = 2FA95D4E253A5EA000010151 /* Assets.xcassets */; };
		2FA95D52253A5EA000010151 /* LaunchScreen.storyboard in Resources */ = {isa = PBXBuildFile; fileRef = 2FA95D50253A5EA000010151 /* LaunchScreen.storyboard */; };
		2FA95D5C253A631000010151 /* MyCollectionViewCell.swift in Sources */ = {isa = PBXBuildFile; fileRef = 2FA95D5A253A631000010151 /* MyCollectionViewCell.swift */; };
		2FA95D5D253A631000010151 /* MyCollectionViewCell.xib in Resources */ = {isa = PBXBuildFile; fileRef = 2FA95D5B253A631000010151 /* MyCollectionViewCell.xib */; };
		2FA95D60253A689300010151 /* Evento.swift in Sources */ = {isa = PBXBuildFile; fileRef = 2FA95D5F253A689300010151 /* Evento.swift */; };
		2FCE09A8253E50E800695CDE /* DetalhesViewController.swift in Sources */ = {isa = PBXBuildFile; fileRef = 2FCE09A7253E50E800695CDE /* DetalhesViewController.swift */; };
/* End PBXBuildFile section */

/* Begin PBXFileReference section */
		2FA95D42253A5E9D00010151 /* CollectionView.app */ = {isa = PBXFileReference; explicitFileType = wrapper.application; includeInIndex = 0; path = CollectionView.app; sourceTree = BUILT_PRODUCTS_DIR; };
		2FA95D45253A5E9D00010151 /* AppDelegate.swift */ = {isa = PBXFileReference; lastKnownFileType = sourcecode.swift; path = AppDelegate.swift; sourceTree = "<group>"; };
		2FA95D47253A5E9D00010151 /* SceneDelegate.swift */ = {isa = PBXFileReference; lastKnownFileType = sourcecode.swift; path = SceneDelegate.swift; sourceTree = "<group>"; };
		2FA95D49253A5E9D00010151 /* ViewController.swift */ = {isa = PBXFileReference; lastKnownFileType = sourcecode.swift; path = ViewController.swift; sourceTree = "<group>"; };
		2FA95D4C253A5E9D00010151 /* Base */ = {isa = PBXFileReference; lastKnownFileType = file.storyboard; name = Base; path = Base.lproj/Main.storyboard; sourceTree = "<group>"; };
		2FA95D4E253A5EA000010151 /* Assets.xcassets */ = {isa = PBXFileReference; lastKnownFileType = folder.assetcatalog; path = Assets.xcassets; sourceTree = "<group>"; };
		2FA95D51253A5EA000010151 /* Base */ = {isa = PBXFileReference; lastKnownFileType = file.storyboard; name = Base; path = Base.lproj/LaunchScreen.storyboard; sourceTree = "<group>"; };
		2FA95D53253A5EA000010151 /* Info.plist */ = {isa = PBXFileReference; lastKnownFileType = text.plist.xml; path = Info.plist; sourceTree = "<group>"; };
		2FA95D5A253A631000010151 /* MyCollectionViewCell.swift */ = {isa = PBXFileReference; lastKnownFileType = sourcecode.swift; path = MyCollectionViewCell.swift; sourceTree = "<group>"; };
		2FA95D5B253A631000010151 /* MyCollectionViewCell.xib */ = {isa = PBXFileReference; lastKnownFileType = file.xib; path = MyCollectionViewCell.xib; sourceTree = "<group>"; };
		2FA95D5F253A689300010151 /* Evento.swift */ = {isa = PBXFileReference; lastKnownFileType = sourcecode.swift; path = Evento.swift; sourceTree = "<group>"; };
		2FCE09A7253E50E800695CDE /* DetalhesViewController.swift */ = {isa = PBXFileReference; lastKnownFileType = sourcecode.swift; path = DetalhesViewController.swift; sourceTree = "<group>"; };
/* End PBXFileReference section */

/* Begin PBXFrameworksBuildPhase section */
		2FA95D3F253A5E9D00010151 /* Frameworks */ = {
			isa = PBXFrameworksBuildPhase;
			buildActionMask = 2147483647;
			files = (
			);
			runOnlyForDeploymentPostprocessing = 0;
		};
/* End PBXFrameworksBuildPhase section */

/* Begin PBXGroup section */
		2FA95D39253A5E9D00010151 = {
			isa = PBXGroup;
			children = (
				2FA95D44253A5E9D00010151 /* CollectionView */,
				2FA95D43253A5E9D00010151 /* Products */,
			);
			sourceTree = "<group>";
		};
		2FA95D43253A5E9D00010151 /* Products */ = {
			isa = PBXGroup;
			children = (
				2FA95D42253A5E9D00010151 /* CollectionView.app */,
			);
			name = Products;
			sourceTree = "<group>";
		};
		2FA95D44253A5E9D00010151 /* CollectionView */ = {
			isa = PBXGroup;
			children = (
				2FA95D5E253A687F00010151 /* Models */,
				2FA95D59253A612400010151 /* Views */,
				2FA95D45253A5E9D00010151 /* AppDelegate.swift */,
				2FA95D47253A5E9D00010151 /* SceneDelegate.swift */,
				2FA95D4E253A5EA000010151 /* Assets.xcassets */,
				2FA95D50253A5EA000010151 /* LaunchScreen.storyboard */,
				2FA95D53253A5EA000010151 /* Info.plist */,
			);
			path = CollectionView;
			sourceTree = "<group>";
		};
		2FA95D59253A612400010151 /* Views */ = {
			isa = PBXGroup;
			children = (
				2FA95D49253A5E9D00010151 /* ViewController.swift */,
				2FA95D4B253A5E9D00010151 /* Main.storyboard */,
				2FA95D5A253A631000010151 /* MyCollectionViewCell.swift */,
				2FA95D5B253A631000010151 /* MyCollectionViewCell.xib */,
				2FCE09A7253E50E800695CDE /* DetalhesViewController.swift */,
			);
			path = Views;
			sourceTree = "<group>";
		};
		2FA95D5E253A687F00010151 /* Models */ = {
			isa = PBXGroup;
			children = (
				2FA95D5F253A689300010151 /* Evento.swift */,
			);
			path = Models;
			sourceTree = "<group>";
		};
/* End PBXGroup section */

/* Begin PBXNativeTarget section */
		2FA95D41253A5E9D00010151 /* CollectionView */ = {
			isa = PBXNativeTarget;
			buildConfigurationList = 2FA95D56253A5EA000010151 /* Build configuration list for PBXNativeTarget "CollectionView" */;
			buildPhases = (
				2FA95D3E253A5E9D00010151 /* Sources */,
				2FA95D3F253A5E9D00010151 /* Frameworks */,
				2FA95D40253A5E9D00010151 /* Resources */,
			);
			buildRules = (
			);
			dependencies = (
			);
			name = CollectionView;
			productName = CollectionView;
			productReference = 2FA95D42253A5E9D00010151 /* CollectionView.app */;
			productType = "com.apple.product-type.application";
		};
/* End PBXNativeTarget section */

/* Begin PBXProject section */
		2FA95D3A253A5E9D00010151 /* Project object */ = {
			isa = PBXProject;
			attributes = {
				LastSwiftUpdateCheck = 1170;
				LastUpgradeCheck = 1170;
				ORGANIZATIONNAME = "Matheus B. Grigoletto";
				TargetAttributes = {
					2FA95D41253A5E9D00010151 = {
						CreatedOnToolsVersion = 11.7;
					};
				};
			};
			buildConfigurationList = 2FA95D3D253A5E9D00010151 /* Build configuration list for PBXProject "CollectionView" */;
			compatibilityVersion = "Xcode 9.3";
			developmentRegion = en;
			hasScannedForEncodings = 0;
			knownRegions = (
				en,
				Base,
			);
			mainGroup = 2FA95D39253A5E9D00010151;
			productRefGroup = 2FA95D43253A5E9D00010151 /* Products */;
			projectDirPath = "";
			projectRoot = "";
			targets = (
				2FA95D41253A5E9D00010151 /* CollectionView */,
			);
		};
/* End PBXProject section */

/* Begin PBXResourcesBuildPhase section */
		2FA95D40253A5E9D00010151 /* Resources */ = {
			isa = PBXResourcesBuildPhase;
			buildActionMask = 2147483647;
			files = (
				2FA95D52253A5EA000010151 /* LaunchScreen.storyboard in Resources */,
				2FA95D4F253A5EA000010151 /* Assets.xcassets in Resources */,
				2FA95D5D253A631000010151 /* MyCollectionViewCell.xib in Resources */,
				2FA95D4D253A5E9D00010151 /* Main.storyboard in Resources */,
			);
			runOnlyForDeploymentPostprocessing = 0;
		};
/* End PBXResourcesBuildPhase section */

/* Begin PBXSourcesBuildPhase section */
		2FA95D3E253A5E9D00010151 /* Sources */ = {
			isa = PBXSourcesBuildPhase;
			buildActionMask = 2147483647;
			files = (
				2FA95D4A253A5E9D00010151 /* ViewController.swift in Sources */,
				2FA95D46253A5E9D00010151 /* AppDelegate.swift in Sources */,
				2FCE09A8253E50E800695CDE /* DetalhesViewController.swift in Sources */,
				2FA95D5C253A631000010151 /* MyCollectionViewCell.swift in Sources */,
				2FA95D48253A5E9D00010151 /* SceneDelegate.swift in Sources */,
				2FA95D60253A689300010151 /* Evento.swift in Sources */,
			);
			runOnlyForDeploymentPostprocessing = 0;
		};
/* End PBXSourcesBuildPhase section */

/* Begin PBXVariantGroup section */
		2FA95D4B253A5E9D00010151 /* Main.storyboard */ = {
			isa = PBXVariantGroup;
			children = (
				2FA95D4C253A5E9D00010151 /* Base */,
			);
			name = Main.storyboard;
			sourceTree = "<group>";
		};
		2FA95D50253A5EA000010151 /* LaunchScreen.storyboard */ = {
			isa = PBXVariantGroup;
			children = (
				2FA95D51253A5EA000010151 /* Base */,
			);
			name = LaunchScreen.storyboard;
			sourceTree = "<group>";
		};
/* End PBXVariantGroup section */

/* Begin XCBuildConfiguration section */
		2FA95D54253A5EA000010151 /* Debug */ = {
			isa = XCBuildConfiguration;
			buildSettings = {
				ALWAYS_SEARCH_USER_PATHS = NO;
				CLANG_ANALYZER_NONNULL = YES;
				CLANG_ANALYZER_NUMBER_OBJECT_CONVERSION = YES_AGGRESSIVE;
				CLANG_CXX_LANGUAGE_STANDARD = "gnu++14";
				CLANG_CXX_LIBRARY = "libc++";
				CLANG_ENABLE_MODULES = YES;
				CLANG_ENABLE_OBJC_ARC = YES;
				CLANG_ENABLE_OBJC_WEAK = YES;
				CLANG_WARN_BLOCK_CAPTURE_AUTORELEASING = YES;
				CLANG_WARN_BOOL_CONVERSION = YES;
				CLANG_WARN_COMMA = YES;
				CLANG_WARN_CONSTANT_CONVERSION = YES;
				CLANG_WARN_DEPRECATED_OBJC_IMPLEMENTATIONS = YES;
				CLANG_WARN_DIRECT_OBJC_ISA_USAGE = YES_ERROR;
				CLANG_WARN_DOCUMENTATION_COMMENTS = YES;
				CLANG_WARN_EMPTY_BODY = YES;
				CLANG_WARN_ENUM_CONVERSION = YES;
				CLANG_WARN_INFINITE_RECURSION = YES;
				CLANG_WARN_INT_CONVERSION = YES;
				CLANG_WARN_NON_LITERAL_NULL_CONVERSION = YES;
				CLANG_WARN_OBJC_IMPLICIT_RETAIN_SELF = YES;
				CLANG_WARN_OBJC_LITERAL_CONVERSION = YES;
				CLANG_WARN_OBJC_ROOT_CLASS = YES_ERROR;
				CLANG_WARN_RANGE_LOOP_ANALYSIS = YES;
				CLANG_WARN_STRICT_PROTOTYPES = YES;
				CLANG_WARN_SUSPICIOUS_MOVE = YES;
				CLANG_WARN_UNGUARDED_AVAILABILITY = YES_AGGRESSIVE;
				CLANG_WARN_UNREACHABLE_CODE = YES;
				CLANG_WARN__DUPLICATE_METHOD_MATCH = YES;
				COPY_PHASE_STRIP = NO;
				DEBUG_INFORMATION_FORMAT = dwarf;
				ENABLE_STRICT_OBJC_MSGSEND = YES;
				ENABLE_TESTABILITY = YES;
				GCC_C_LANGUAGE_STANDARD = gnu11;
				GCC_DYNAMIC_NO_PIC = NO;
				GCC_NO_COMMON_BLOCKS = YES;
				GCC_OPTIMIZATION_LEVEL = 0;
				GCC_PREPROCESSOR_DEFINITIONS = (
					"DEBUG=1",
					"$(inherited)",
				);
				GCC_WARN_64_TO_32_BIT_CONVERSION = YES;
				GCC_WARN_ABOUT_RETURN_TYPE = YES_ERROR;
				GCC_WARN_UNDECLARED_SELECTOR = YES;
				GCC_WARN_UNINITIALIZED_AUTOS = YES_AGGRESSIVE;
				GCC_WARN_UNUSED_FUNCTION = YES;
				GCC_WARN_UNUSED_VARIABLE = YES;
				IPHONEOS_DEPLOYMENT_TARGET = 13.7;
				MTL_ENABLE_DEBUG_INFO = INCLUDE_SOURCE;
				MTL_FAST_MATH = YES;
				ONLY_ACTIVE_ARCH = YES;
				SDKROOT = iphoneos;
				SWIFT_ACTIVE_COMPILATION_CONDITIONS = DEBUG;
				SWIFT_OPTIMIZATION_LEVEL = "-Onone";
			};
			name = Debug;
		};
		2FA95D55253A5EA000010151 /* Release */ = {
			isa = XCBuildConfiguration;
			buildSettings = {
				ALWAYS_SEARCH_USER_PATHS = NO;
				CLANG_ANALYZER_NONNULL = YES;
				CLANG_ANALYZER_NUMBER_OBJECT_CONVERSION = YES_AGGRESSIVE;
				CLANG_CXX_LANGUAGE_STANDARD = "gnu++14";
				CLANG_CXX_LIBRARY = "libc++";
				CLANG_ENABLE_MODULES = YES;
				CLANG_ENABLE_OBJC_ARC = YES;
				CLANG_ENABLE_OBJC_WEAK = YES;
				CLANG_WARN_BLOCK_CAPTURE_AUTORELEASING = YES;
				CLANG_WARN_BOOL_CONVERSION = YES;
				CLANG_WARN_COMMA = YES;
				CLANG_WARN_CONSTANT_CONVERSION = YES;
				CLANG_WARN_DEPRECATED_OBJC_IMPLEMENTATIONS = YES;
				CLANG_WARN_DIRECT_OBJC_ISA_USAGE = YES_ERROR;
				CLANG_WARN_DOCUMENTATION_COMMENTS = YES;
				CLANG_WARN_EMPTY_BODY = YES;
				CLANG_WARN_ENUM_CONVERSION = YES;
				CLANG_WARN_INFINITE_RECURSION = YES;
				CLANG_WARN_INT_CONVERSION = YES;
				CLANG_WARN_NON_LITERAL_NULL_CONVERSION = YES;
				CLANG_WARN_OBJC_IMPLICIT_RETAIN_SELF = YES;
				CLANG_WARN_OBJC_LITERAL_CONVERSION = YES;
				CLANG_WARN_OBJC_ROOT_CLASS = YES_ERROR;
				CLANG_WARN_RANGE_LOOP_ANALYSIS = YES;
				CLANG_WARN_STRICT_PROTOTYPES = YES;
				CLANG_WARN_SUSPICIOUS_MOVE = YES;
				CLANG_WARN_UNGUARDED_AVAILABILITY = YES_AGGRESSIVE;
				CLANG_WARN_UNREACHABLE_CODE = YES;
				CLANG_WARN__DUPLICATE_METHOD_MATCH = YES;
				COPY_PHASE_STRIP = NO;
				DEBUG_INFORMATION_FORMAT = "dwarf-with-dsym";
				ENABLE_NS_ASSERTIONS = NO;
				ENABLE_STRICT_OBJC_MSGSEND = YES;
				GCC_C_LANGUAGE_STANDARD = gnu11;
				GCC_NO_COMMON_BLOCKS = YES;
				GCC_WARN_64_TO_32_BIT_CONVERSION = YES;
				GCC_WARN_ABOUT_RETURN_TYPE = YES_ERROR;
				GCC_WARN_UNDECLARED_SELECTOR = YES;
				GCC_WARN_UNINITIALIZED_AUTOS = YES_AGGRESSIVE;
				GCC_WARN_UNUSED_FUNCTION = YES;
				GCC_WARN_UNUSED_VARIABLE = YES;
				IPHONEOS_DEPLOYMENT_TARGET = 13.7;
				MTL_ENABLE_DEBUG_INFO = NO;
				MTL_FAST_MATH = YES;
				SDKROOT = iphoneos;
				SWIFT_COMPILATION_MODE = wholemodule;
				SWIFT_OPTIMIZATION_LEVEL = "-O";
				VALIDATE_PRODUCT = YES;
			};
			name = Release;
		};
		2FA95D57253A5EA000010151 /* Debug */ = {
			isa = XCBuildConfiguration;
			buildSettings = {
				ASSETCATALOG_COMPILER_APPICON_NAME = AppIcon;
				CODE_SIGN_STYLE = Automatic;
				DEVELOPMENT_TEAM = TFMF8V2D92;
				INFOPLIST_FILE = CollectionView/Info.plist;
				LD_RUNPATH_SEARCH_PATHS = (
					"$(inherited)",
					"@executable_path/Frameworks",
				);
				MARKETING_VERSION = 1.0.0;
				PRODUCT_BUNDLE_IDENTIFIER = br.pro.nova.CollectionView;
				PRODUCT_NAME = "$(TARGET_NAME)";
				SWIFT_VERSION = 5.0;
				TARGETED_DEVICE_FAMILY = 1;
			};
			name = Debug;
		};
		2FA95D58253A5EA000010151 /* Release */ = {
			isa = XCBuildConfiguration;
			buildSettings = {
				ASSETCATALOG_COMPILER_APPICON_NAME = AppIcon;
				CODE_SIGN_STYLE = Automatic;
				DEVELOPMENT_TEAM = TFMF8V2D92;
				INFOPLIST_FILE = CollectionView/Info.plist;
				LD_RUNPATH_SEARCH_PATHS = (
					"$(inherited)",
					"@executable_path/Frameworks",
				);
				MARKETING_VERSION = 1.0.0;
				PRODUCT_BUNDLE_IDENTIFIER = br.pro.nova.CollectionView;
				PRODUCT_NAME = "$(TARGET_NAME)";
				SWIFT_VERSION = 5.0;
				TARGETED_DEVICE_FAMILY = 1;
			};
			name = Release;
		};
/* End XCBuildConfiguration section */

/* Begin XCConfigurationList section */
		2FA95D3D253A5E9D00010151 /* Build configuration list for PBXProject "CollectionView" */ = {
			isa = XCConfigurationList;
			buildConfigurations = (
				2FA95D54253A5EA000010151 /* Debug */,
				2FA95D55253A5EA000010151 /* Release */,
			);
			defaultConfigurationIsVisible = 0;
			defaultConfigurationName = Release;
		};
		2FA95D56253A5EA000010151 /* Build configuration list for PBXNativeTarget "CollectionView" */ = {
			isa = XCConfigurationList;
			buildConfigurations = (
				2FA95D57253A5EA000010151 /* Debug */,
				2FA95D58253A5EA000010151 /* Release */,
			);
			defaultConfigurationIsVisible = 0;
			defaultConfigurationName = Release;
		};
/* End XCConfigurationList section */
	};
	rootObject = 2FA95D3A253A5E9D00010151 /* Project object */;
}
