// !$*UTF8*$!
{
	archiveVersion = 1;
	classes = {
	};
	objectVersion = 50;
	objects = {

/* Begin PBXBuildFile section */
		2F32717C251C05B30014F6A5 /* AppDelegate.swift in Sources */ = {isa = PBXBuildFile; fileRef = 2F32717B251C05B30014F6A5 /* AppDelegate.swift */; };
		2F32717E251C05B30014F6A5 /* SceneDelegate.swift in Sources */ = {isa = PBXBuildFile; fileRef = 2F32717D251C05B30014F6A5 /* SceneDelegate.swift */; };
		2F327180251C05B30014F6A5 /* FirstVC.swift in Sources */ = {isa = PBXBuildFile; fileRef = 2F32717F251C05B30014F6A5 /* FirstVC.swift */; };
		2F327183251C05B30014F6A5 /* Main.storyboard in Resources */ = {isa = PBXBuildFile; fileRef = 2F327181251C05B30014F6A5 /* Main.storyboard */; };
		2F327185251C05B50014F6A5 /* Assets.xcassets in Resources */ = {isa = PBXBuildFile; fileRef = 2F327184251C05B50014F6A5 /* Assets.xcassets */; };
		2F327188251C05B50014F6A5 /* LaunchScreen.storyboard in Resources */ = {isa = PBXBuildFile; fileRef = 2F327186251C05B50014F6A5 /* LaunchScreen.storyboard */; };
		2F327190251C11B00014F6A5 /* SecondVC.swift in Sources */ = {isa = PBXBuildFile; fileRef = 2F32718F251C11B00014F6A5 /* SecondVC.swift */; };
		2FA2FD7F252D3C4C007B9191 /* DetailVC.swift in Sources */ = {isa = PBXBuildFile; fileRef = 2FA2FD7E252D3C4C007B9191 /* DetailVC.swift */; };
/* End PBXBuildFile section */

/* Begin PBXFileReference section */
		2F327178251C05B30014F6A5 /* TransicaoTela.app */ = {isa = PBXFileReference; explicitFileType = wrapper.application; includeInIndex = 0; path = TransicaoTela.app; sourceTree = BUILT_PRODUCTS_DIR; };
		2F32717B251C05B30014F6A5 /* AppDelegate.swift */ = {isa = PBXFileReference; lastKnownFileType = sourcecode.swift; path = AppDelegate.swift; sourceTree = "<group>"; };
		2F32717D251C05B30014F6A5 /* SceneDelegate.swift */ = {isa = PBXFileReference; lastKnownFileType = sourcecode.swift; path = SceneDelegate.swift; sourceTree = "<group>"; };
		2F32717F251C05B30014F6A5 /* FirstVC.swift */ = {isa = PBXFileReference; lastKnownFileType = sourcecode.swift; path = FirstVC.swift; sourceTree = "<group>"; };
		2F327182251C05B30014F6A5 /* Base */ = {isa = PBXFileReference; lastKnownFileType = file.storyboard; name = Base; path = Base.lproj/Main.storyboard; sourceTree = "<group>"; };
		2F327184251C05B50014F6A5 /* Assets.xcassets */ = {isa = PBXFileReference; lastKnownFileType = folder.assetcatalog; path = Assets.xcassets; sourceTree = "<group>"; };
		2F327187251C05B50014F6A5 /* Base */ = {isa = PBXFileReference; lastKnownFileType = file.storyboard; name = Base; path = Base.lproj/LaunchScreen.storyboard; sourceTree = "<group>"; };
		2F327189251C05B50014F6A5 /* Info.plist */ = {isa = PBXFileReference; lastKnownFileType = text.plist.xml; path = Info.plist; sourceTree = "<group>"; };
		2F32718F251C11B00014F6A5 /* SecondVC.swift */ = {isa = PBXFileReference; lastKnownFileType = sourcecode.swift; path = SecondVC.swift; sourceTree = "<group>"; };
		2FA2FD7E252D3C4C007B9191 /* DetailVC.swift */ = {isa = PBXFileReference; lastKnownFileType = sourcecode.swift; path = DetailVC.swift; sourceTree = "<group>"; };
/* End PBXFileReference section */

/* Begin PBXFrameworksBuildPhase section */
		2F327175251C05B20014F6A5 /* Frameworks */ = {
			isa = PBXFrameworksBuildPhase;
			buildActionMask = 2147483647;
			files = (
			);
			runOnlyForDeploymentPostprocessing = 0;
		};
/* End PBXFrameworksBuildPhase section */

/* Begin PBXGroup section */
		2F32716F251C05B20014F6A5 = {
			isa = PBXGroup;
			children = (
				2F32717A251C05B30014F6A5 /* TransicaoTela */,
				2F327179251C05B30014F6A5 /* Products */,
			);
			sourceTree = "<group>";
		};
		2F327179251C05B30014F6A5 /* Products */ = {
			isa = PBXGroup;
			children = (
				2F327178251C05B30014F6A5 /* TransicaoTela.app */,
			);
			name = Products;
			sourceTree = "<group>";
		};
		2F32717A251C05B30014F6A5 /* TransicaoTela */ = {
			isa = PBXGroup;
			children = (
				2F32717B251C05B30014F6A5 /* AppDelegate.swift */,
				2F32717D251C05B30014F6A5 /* SceneDelegate.swift */,
				2FA2FD7D252D3BD3007B9191 /* Views */,
				2F327181251C05B30014F6A5 /* Main.storyboard */,
				2F327184251C05B50014F6A5 /* Assets.xcassets */,
				2F327186251C05B50014F6A5 /* LaunchScreen.storyboard */,
				2F327189251C05B50014F6A5 /* Info.plist */,
			);
			path = TransicaoTela;
			sourceTree = "<group>";
		};
		2FA2FD7D252D3BD3007B9191 /* Views */ = {
			isa = PBXGroup;
			children = (
				2F32717F251C05B30014F6A5 /* FirstVC.swift */,
				2F32718F251C11B00014F6A5 /* SecondVC.swift */,
				2FA2FD7E252D3C4C007B9191 /* DetailVC.swift */,
			);
			path = Views;
			sourceTree = "<group>";
		};
/* End PBXGroup section */

/* Begin PBXNativeTarget section */
		2F327177251C05B20014F6A5 /* TransicaoTela */ = {
			isa = PBXNativeTarget;
			buildConfigurationList = 2F32718C251C05B50014F6A5 /* Build configuration list for PBXNativeTarget "TransicaoTela" */;
			buildPhases = (
				2F327174251C05B20014F6A5 /* Sources */,
				2F327175251C05B20014F6A5 /* Frameworks */,
				2F327176251C05B20014F6A5 /* Resources */,
			);
			buildRules = (
			);
			dependencies = (
			);
			name = TransicaoTela;
			productName = TransicaoTela;
			productReference = 2F327178251C05B30014F6A5 /* TransicaoTela.app */;
			productType = "com.apple.product-type.application";
		};
/* End PBXNativeTarget section */

/* Begin PBXProject section */
		2F327170251C05B20014F6A5 /* Project object */ = {
			isa = PBXProject;
			attributes = {
				LastSwiftUpdateCheck = 1170;
				LastUpgradeCheck = 1170;
				ORGANIZATIONNAME = "Matheus B. Grigoletto";
				TargetAttributes = {
					2F327177251C05B20014F6A5 = {
						CreatedOnToolsVersion = 11.7;
					};
				};
			};
			buildConfigurationList = 2F327173251C05B20014F6A5 /* Build configuration list for PBXProject "TransicaoTela" */;
			compatibilityVersion = "Xcode 9.3";
			developmentRegion = en;
			hasScannedForEncodings = 0;
			knownRegions = (
				en,
				Base,
			);
			mainGroup = 2F32716F251C05B20014F6A5;
			productRefGroup = 2F327179251C05B30014F6A5 /* Products */;
			projectDirPath = "";
			projectRoot = "";
			targets = (
				2F327177251C05B20014F6A5 /* TransicaoTela */,
			);
		};
/* End PBXProject section */

/* Begin PBXResourcesBuildPhase section */
		2F327176251C05B20014F6A5 /* Resources */ = {
			isa = PBXResourcesBuildPhase;
			buildActionMask = 2147483647;
			files = (
				2F327188251C05B50014F6A5 /* LaunchScreen.storyboard in Resources */,
				2F327185251C05B50014F6A5 /* Assets.xcassets in Resources */,
				2F327183251C05B30014F6A5 /* Main.storyboard in Resources */,
			);
			runOnlyForDeploymentPostprocessing = 0;
		};
/* End PBXResourcesBuildPhase section */

/* Begin PBXSourcesBuildPhase section */
		2F327174251C05B20014F6A5 /* Sources */ = {
			isa = PBXSourcesBuildPhase;
			buildActionMask = 2147483647;
			files = (
				2FA2FD7F252D3C4C007B9191 /* DetailVC.swift in Sources */,
				2F327180251C05B30014F6A5 /* FirstVC.swift in Sources */,
				2F32717C251C05B30014F6A5 /* AppDelegate.swift in Sources */,
				2F327190251C11B00014F6A5 /* SecondVC.swift in Sources */,
				2F32717E251C05B30014F6A5 /* SceneDelegate.swift in Sources */,
			);
			runOnlyForDeploymentPostprocessing = 0;
		};
/* End PBXSourcesBuildPhase section */

/* Begin PBXVariantGroup section */
		2F327181251C05B30014F6A5 /* Main.storyboard */ = {
			isa = PBXVariantGroup;
			children = (
				2F327182251C05B30014F6A5 /* Base */,
			);
			name = Main.storyboard;
			sourceTree = "<group>";
		};
		2F327186251C05B50014F6A5 /* LaunchScreen.storyboard */ = {
			isa = PBXVariantGroup;
			children = (
				2F327187251C05B50014F6A5 /* Base */,
			);
			name = LaunchScreen.storyboard;
			sourceTree = "<group>";
		};
/* End PBXVariantGroup section */

/* Begin XCBuildConfiguration section */
		2F32718A251C05B50014F6A5 /* Debug */ = {
			isa = XCBuildConfiguration;
			buildSettings = {
				ALWAYS_SEARCH_USER_PATHS = NO;
				CLANG_ANALYZER_NONNULL = YES;
				CLANG_ANALYZER_NUMBER_OBJECT_CONVERSION = YES_AGGRESSIVE;
				CLANG_CXX_LANGUAGE_STANDARD = "gnu++14";
				CLANG_CXX_LIBRARY = "libc++";
				CLANG_ENABLE_MODULES = YES;
				CLANG_ENABLE_OBJC_ARC = YES;
				CLANG_ENABLE_OBJC_WEAK = YES;
				CLANG_WARN_BLOCK_CAPTURE_AUTORELEASING = YES;
				CLANG_WARN_BOOL_CONVERSION = YES;
				CLANG_WARN_COMMA = YES;
				CLANG_WARN_CONSTANT_CONVERSION = YES;
				CLANG_WARN_DEPRECATED_OBJC_IMPLEMENTATIONS = YES;
				CLANG_WARN_DIRECT_OBJC_ISA_USAGE = YES_ERROR;
				CLANG_WARN_DOCUMENTATION_COMMENTS = YES;
				CLANG_WARN_EMPTY_BODY = YES;
				CLANG_WARN_ENUM_CONVERSION = YES;
				CLANG_WARN_INFINITE_RECURSION = YES;
				CLANG_WARN_INT_CONVERSION = YES;
				CLANG_WARN_NON_LITERAL_NULL_CONVERSION = YES;
				CLANG_WARN_OBJC_IMPLICIT_RETAIN_SELF = YES;
				CLANG_WARN_OBJC_LITERAL_CONVERSION = YES;
				CLANG_WARN_OBJC_ROOT_CLASS = YES_ERROR;
				CLANG_WARN_RANGE_LOOP_ANALYSIS = YES;
				CLANG_WARN_STRICT_PROTOTYPES = YES;
				CLANG_WARN_SUSPICIOUS_MOVE = YES;
				CLANG_WARN_UNGUARDED_AVAILABILITY = YES_AGGRESSIVE;
				CLANG_WARN_UNREACHABLE_CODE = YES;
				CLANG_WARN__DUPLICATE_METHOD_MATCH = YES;
				COPY_PHASE_STRIP = NO;
				DEBUG_INFORMATION_FORMAT = dwarf;
				ENABLE_STRICT_OBJC_MSGSEND = YES;
				ENABLE_TESTABILITY = YES;
				GCC_C_LANGUAGE_STANDARD = gnu11;
				GCC_DYNAMIC_NO_PIC = NO;
				GCC_NO_COMMON_BLOCKS = YES;
				GCC_OPTIMIZATION_LEVEL = 0;
				GCC_PREPROCESSOR_DEFINITIONS = (
					"DEBUG=1",
					"$(inherited)",
				);
				GCC_WARN_64_TO_32_BIT_CONVERSION = YES;
				GCC_WARN_ABOUT_RETURN_TYPE = YES_ERROR;
				GCC_WARN_UNDECLARED_SELECTOR = YES;
				GCC_WARN_UNINITIALIZED_AUTOS = YES_AGGRESSIVE;
				GCC_WARN_UNUSED_FUNCTION = YES;
				GCC_WARN_UNUSED_VARIABLE = YES;
				IPHONEOS_DEPLOYMENT_TARGET = 13.7;
				MTL_ENABLE_DEBUG_INFO = INCLUDE_SOURCE;
				MTL_FAST_MATH = YES;
				ONLY_ACTIVE_ARCH = YES;
				SDKROOT = iphoneos;
				SWIFT_ACTIVE_COMPILATION_CONDITIONS = DEBUG;
				SWIFT_OPTIMIZATION_LEVEL = "-Onone";
			};
			name = Debug;
		};
		2F32718B251C05B50014F6A5 /* Release */ = {
			isa = XCBuildConfiguration;
			buildSettings = {
				ALWAYS_SEARCH_USER_PATHS = NO;
				CLANG_ANALYZER_NONNULL = YES;
				CLANG_ANALYZER_NUMBER_OBJECT_CONVERSION = YES_AGGRESSIVE;
				CLANG_CXX_LANGUAGE_STANDARD = "gnu++14";
				CLANG_CXX_LIBRARY = "libc++";
				CLANG_ENABLE_MODULES = YES;
				CLANG_ENABLE_OBJC_ARC = YES;
				CLANG_ENABLE_OBJC_WEAK = YES;
				CLANG_WARN_BLOCK_CAPTURE_AUTORELEASING = YES;
				CLANG_WARN_BOOL_CONVERSION = YES;
				CLANG_WARN_COMMA = YES;
				CLANG_WARN_CONSTANT_CONVERSION = YES;
				CLANG_WARN_DEPRECATED_OBJC_IMPLEMENTATIONS = YES;
				CLANG_WARN_DIRECT_OBJC_ISA_USAGE = YES_ERROR;
				CLANG_WARN_DOCUMENTATION_COMMENTS = YES;
				CLANG_WARN_EMPTY_BODY = YES;
				CLANG_WARN_ENUM_CONVERSION = YES;
				CLANG_WARN_INFINITE_RECURSION = YES;
				CLANG_WARN_INT_CONVERSION = YES;
				CLANG_WARN_NON_LITERAL_NULL_CONVERSION = YES;
				CLANG_WARN_OBJC_IMPLICIT_RETAIN_SELF = YES;
				CLANG_WARN_OBJC_LITERAL_CONVERSION = YES;
				CLANG_WARN_OBJC_ROOT_CLASS = YES_ERROR;
				CLANG_WARN_RANGE_LOOP_ANALYSIS = YES;
				CLANG_WARN_STRICT_PROTOTYPES = YES;
				CLANG_WARN_SUSPICIOUS_MOVE = YES;
				CLANG_WARN_UNGUARDED_AVAILABILITY = YES_AGGRESSIVE;
				CLANG_WARN_UNREACHABLE_CODE = YES;
				CLANG_WARN__DUPLICATE_METHOD_MATCH = YES;
				COPY_PHASE_STRIP = NO;
				DEBUG_INFORMATION_FORMAT = "dwarf-with-dsym";
				ENABLE_NS_ASSERTIONS = NO;
				ENABLE_STRICT_OBJC_MSGSEND = YES;
				GCC_C_LANGUAGE_STANDARD = gnu11;
				GCC_NO_COMMON_BLOCKS = YES;
				GCC_WARN_64_TO_32_BIT_CONVERSION = YES;
				GCC_WARN_ABOUT_RETURN_TYPE = YES_ERROR;
				GCC_WARN_UNDECLARED_SELECTOR = YES;
				GCC_WARN_UNINITIALIZED_AUTOS = YES_AGGRESSIVE;
				GCC_WARN_UNUSED_FUNCTION = YES;
				GCC_WARN_UNUSED_VARIABLE = YES;
				IPHONEOS_DEPLOYMENT_TARGET = 13.7;
				MTL_ENABLE_DEBUG_INFO = NO;
				MTL_FAST_MATH = YES;
				SDKROOT = iphoneos;
				SWIFT_COMPILATION_MODE = wholemodule;
				SWIFT_OPTIMIZATION_LEVEL = "-O";
				VALIDATE_PRODUCT = YES;
			};
			name = Release;
		};
		2F32718D251C05B50014F6A5 /* Debug */ = {
			isa = XCBuildConfiguration;
			buildSettings = {
				ASSETCATALOG_COMPILER_APPICON_NAME = AppIcon;
				CODE_SIGN_STYLE = Automatic;
				DEVELOPMENT_TEAM = TFMF8V2D92;
				INFOPLIST_FILE = TransicaoTela/Info.plist;
				IPHONEOS_DEPLOYMENT_TARGET = 13.7;
				LD_RUNPATH_SEARCH_PATHS = (
					"$(inherited)",
					"@executable_path/Frameworks",
				);
				MARKETING_VERSION = 1.0.0;
				PRODUCT_BUNDLE_IDENTIFIER = br.pro.nova.TransicaoTela;
				PRODUCT_NAME = "$(TARGET_NAME)";
				SWIFT_VERSION = 5.0;
				TARGETED_DEVICE_FAMILY = 1;
			};
			name = Debug;
		};
		2F32718E251C05B50014F6A5 /* Release */ = {
			isa = XCBuildConfiguration;
			buildSettings = {
				ASSETCATALOG_COMPILER_APPICON_NAME = AppIcon;
				CODE_SIGN_STYLE = Automatic;
				DEVELOPMENT_TEAM = TFMF8V2D92;
				INFOPLIST_FILE = TransicaoTela/Info.plist;
				IPHONEOS_DEPLOYMENT_TARGET = 13.7;
				LD_RUNPATH_SEARCH_PATHS = (
					"$(inherited)",
					"@executable_path/Frameworks",
				);
				MARKETING_VERSION = 1.0.0;
				PRODUCT_BUNDLE_IDENTIFIER = br.pro.nova.TransicaoTela;
				PRODUCT_NAME = "$(TARGET_NAME)";
				SWIFT_VERSION = 5.0;
				TARGETED_DEVICE_FAMILY = 1;
			};
			name = Release;
		};
/* End XCBuildConfiguration section */

/* Begin XCConfigurationList section */
		2F327173251C05B20014F6A5 /* Build configuration list for PBXProject "TransicaoTela" */ = {
			isa = XCConfigurationList;
			buildConfigurations = (
				2F32718A251C05B50014F6A5 /* Debug */,
				2F32718B251C05B50014F6A5 /* Release */,
			);
			defaultConfigurationIsVisible = 0;
			defaultConfigurationName = Release;
		};
		2F32718C251C05B50014F6A5 /* Build configuration list for PBXNativeTarget "TransicaoTela" */ = {
			isa = XCConfigurationList;
			buildConfigurations = (
				2F32718D251C05B50014F6A5 /* Debug */,
				2F32718E251C05B50014F6A5 /* Release */,
			);
			defaultConfigurationIsVisible = 0;
			defaultConfigurationName = Release;
		};
/* End XCConfigurationList section */
	};
	rootObject = 2F327170251C05B20014F6A5 /* Project object */;
}
