// !$*UTF8*$!
{
	archiveVersion = 1;
	classes = {
	};
	objectVersion = 50;
	objects = {

/* Begin PBXBuildFile section */
		2F1D515C2531C422005904AB /* AppDelegate.swift in Sources */ = {isa = PBXBuildFile; fileRef = 2F1D515B2531C422005904AB /* AppDelegate.swift */; };
		2F1D515E2531C422005904AB /* SceneDelegate.swift in Sources */ = {isa = PBXBuildFile; fileRef = 2F1D515D2531C422005904AB /* SceneDelegate.swift */; };
		2F1D51602531C422005904AB /* LojaVirtualViewController.swift in Sources */ = {isa = PBXBuildFile; fileRef = 2F1D515F2531C422005904AB /* LojaVirtualViewController.swift */; };
		2F1D51632531C422005904AB /* Main.storyboard in Resources */ = {isa = PBXBuildFile; fileRef = 2F1D51612531C422005904AB /* Main.storyboard */; };
		2F1D51652531C425005904AB /* Assets.xcassets in Resources */ = {isa = PBXBuildFile; fileRef = 2F1D51642531C425005904AB /* Assets.xcassets */; };
		2F1D51682531C425005904AB /* LaunchScreen.storyboard in Resources */ = {isa = PBXBuildFile; fileRef = 2F1D51662531C425005904AB /* LaunchScreen.storyboard */; };
		2F1D51722531C4B9005904AB /* Produto.swift in Sources */ = {isa = PBXBuildFile; fileRef = 2F1D51712531C4B9005904AB /* Produto.swift */; };
		2FA9F0692531F15F00E685C5 /* ProdutoTableViewCell.swift in Sources */ = {isa = PBXBuildFile; fileRef = 2FA9F0672531F15F00E685C5 /* ProdutoTableViewCell.swift */; };
		2FA9F06A2531F15F00E685C5 /* ProdutoTableViewCell.xib in Resources */ = {isa = PBXBuildFile; fileRef = 2FA9F0682531F15F00E685C5 /* ProdutoTableViewCell.xib */; };
/* End PBXBuildFile section */

/* Begin PBXFileReference section */
		2F1D51582531C422005904AB /* LojaVirtual.app */ = {isa = PBXFileReference; explicitFileType = wrapper.application; includeInIndex = 0; path = LojaVirtual.app; sourceTree = BUILT_PRODUCTS_DIR; };
		2F1D515B2531C422005904AB /* AppDelegate.swift */ = {isa = PBXFileReference; lastKnownFileType = sourcecode.swift; path = AppDelegate.swift; sourceTree = "<group>"; };
		2F1D515D2531C422005904AB /* SceneDelegate.swift */ = {isa = PBXFileReference; lastKnownFileType = sourcecode.swift; path = SceneDelegate.swift; sourceTree = "<group>"; };
		2F1D515F2531C422005904AB /* LojaVirtualViewController.swift */ = {isa = PBXFileReference; lastKnownFileType = sourcecode.swift; path = LojaVirtualViewController.swift; sourceTree = "<group>"; };
		2F1D51622531C422005904AB /* Base */ = {isa = PBXFileReference; lastKnownFileType = file.storyboard; name = Base; path = Base.lproj/Main.storyboard; sourceTree = "<group>"; };
		2F1D51642531C425005904AB /* Assets.xcassets */ = {isa = PBXFileReference; lastKnownFileType = folder.assetcatalog; path = Assets.xcassets; sourceTree = "<group>"; };
		2F1D51672531C425005904AB /* Base */ = {isa = PBXFileReference; lastKnownFileType = file.storyboard; name = Base; path = Base.lproj/LaunchScreen.storyboard; sourceTree = "<group>"; };
		2F1D51692531C425005904AB /* Info.plist */ = {isa = PBXFileReference; lastKnownFileType = text.plist.xml; path = Info.plist; sourceTree = "<group>"; };
		2F1D51712531C4B9005904AB /* Produto.swift */ = {isa = PBXFileReference; lastKnownFileType = sourcecode.swift; path = Produto.swift; sourceTree = "<group>"; };
		2FA9F0672531F15F00E685C5 /* ProdutoTableViewCell.swift */ = {isa = PBXFileReference; lastKnownFileType = sourcecode.swift; path = ProdutoTableViewCell.swift; sourceTree = "<group>"; };
		2FA9F0682531F15F00E685C5 /* ProdutoTableViewCell.xib */ = {isa = PBXFileReference; lastKnownFileType = file.xib; path = ProdutoTableViewCell.xib; sourceTree = "<group>"; };
/* End PBXFileReference section */

/* Begin PBXFrameworksBuildPhase section */
		2F1D51552531C422005904AB /* Frameworks */ = {
			isa = PBXFrameworksBuildPhase;
			buildActionMask = 2147483647;
			files = (
			);
			runOnlyForDeploymentPostprocessing = 0;
		};
/* End PBXFrameworksBuildPhase section */

/* Begin PBXGroup section */
		2F1D514F2531C422005904AB = {
			isa = PBXGroup;
			children = (
				2F1D515A2531C422005904AB /* LojaVirtual */,
				2F1D51592531C422005904AB /* Products */,
			);
			sourceTree = "<group>";
		};
		2F1D51592531C422005904AB /* Products */ = {
			isa = PBXGroup;
			children = (
				2F1D51582531C422005904AB /* LojaVirtual.app */,
			);
			name = Products;
			sourceTree = "<group>";
		};
		2F1D515A2531C422005904AB /* LojaVirtual */ = {
			isa = PBXGroup;
			children = (
				2F1D51702531C4A6005904AB /* Models */,
				2F1D516F2531C49C005904AB /* Views */,
				2F1D515B2531C422005904AB /* AppDelegate.swift */,
				2F1D515D2531C422005904AB /* SceneDelegate.swift */,
				2F1D515F2531C422005904AB /* LojaVirtualViewController.swift */,
				2F1D51612531C422005904AB /* Main.storyboard */,
				2F1D51642531C425005904AB /* Assets.xcassets */,
				2F1D51662531C425005904AB /* LaunchScreen.storyboard */,
				2F1D51692531C425005904AB /* Info.plist */,
			);
			path = LojaVirtual;
			sourceTree = "<group>";
		};
		2F1D516F2531C49C005904AB /* Views */ = {
			isa = PBXGroup;
			children = (
				2FA9F0672531F15F00E685C5 /* ProdutoTableViewCell.swift */,
				2FA9F0682531F15F00E685C5 /* ProdutoTableViewCell.xib */,
			);
			path = Views;
			sourceTree = "<group>";
		};
		2F1D51702531C4A6005904AB /* Models */ = {
			isa = PBXGroup;
			children = (
				2F1D51712531C4B9005904AB /* Produto.swift */,
			);
			path = Models;
			sourceTree = "<group>";
		};
/* End PBXGroup section */

/* Begin PBXNativeTarget section */
		2F1D51572531C422005904AB /* LojaVirtual */ = {
			isa = PBXNativeTarget;
			buildConfigurationList = 2F1D516C2531C425005904AB /* Build configuration list for PBXNativeTarget "LojaVirtual" */;
			buildPhases = (
				2F1D51542531C422005904AB /* Sources */,
				2F1D51552531C422005904AB /* Frameworks */,
				2F1D51562531C422005904AB /* Resources */,
			);
			buildRules = (
			);
			dependencies = (
			);
			name = LojaVirtual;
			productName = LojaVirtual;
			productReference = 2F1D51582531C422005904AB /* LojaVirtual.app */;
			productType = "com.apple.product-type.application";
		};
/* End PBXNativeTarget section */

/* Begin PBXProject section */
		2F1D51502531C422005904AB /* Project object */ = {
			isa = PBXProject;
			attributes = {
				LastSwiftUpdateCheck = 1170;
				LastUpgradeCheck = 1170;
				ORGANIZATIONNAME = "Matheus B. Grigoletto";
				TargetAttributes = {
					2F1D51572531C422005904AB = {
						CreatedOnToolsVersion = 11.7;
					};
				};
			};
			buildConfigurationList = 2F1D51532531C422005904AB /* Build configuration list for PBXProject "LojaVirtual" */;
			compatibilityVersion = "Xcode 9.3";
			developmentRegion = en;
			hasScannedForEncodings = 0;
			knownRegions = (
				en,
				Base,
			);
			mainGroup = 2F1D514F2531C422005904AB;
			productRefGroup = 2F1D51592531C422005904AB /* Products */;
			projectDirPath = "";
			projectRoot = "";
			targets = (
				2F1D51572531C422005904AB /* LojaVirtual */,
			);
		};
/* End PBXProject section */

/* Begin PBXResourcesBuildPhase section */
		2F1D51562531C422005904AB /* Resources */ = {
			isa = PBXResourcesBuildPhase;
			buildActionMask = 2147483647;
			files = (
				2F1D51682531C425005904AB /* LaunchScreen.storyboard in Resources */,
				2FA9F06A2531F15F00E685C5 /* ProdutoTableViewCell.xib in Resources */,
				2F1D51652531C425005904AB /* Assets.xcassets in Resources */,
				2F1D51632531C422005904AB /* Main.storyboard in Resources */,
			);
			runOnlyForDeploymentPostprocessing = 0;
		};
/* End PBXResourcesBuildPhase section */

/* Begin PBXSourcesBuildPhase section */
		2F1D51542531C422005904AB /* Sources */ = {
			isa = PBXSourcesBuildPhase;
			buildActionMask = 2147483647;
			files = (
				2F1D51602531C422005904AB /* LojaVirtualViewController.swift in Sources */,
				2F1D51722531C4B9005904AB /* Produto.swift in Sources */,
				2F1D515C2531C422005904AB /* AppDelegate.swift in Sources */,
				2F1D515E2531C422005904AB /* SceneDelegate.swift in Sources */,
				2FA9F0692531F15F00E685C5 /* ProdutoTableViewCell.swift in Sources */,
			);
			runOnlyForDeploymentPostprocessing = 0;
		};
/* End PBXSourcesBuildPhase section */

/* Begin PBXVariantGroup section */
		2F1D51612531C422005904AB /* Main.storyboard */ = {
			isa = PBXVariantGroup;
			children = (
				2F1D51622531C422005904AB /* Base */,
			);
			name = Main.storyboard;
			sourceTree = "<group>";
		};
		2F1D51662531C425005904AB /* LaunchScreen.storyboard */ = {
			isa = PBXVariantGroup;
			children = (
				2F1D51672531C425005904AB /* Base */,
			);
			name = LaunchScreen.storyboard;
			sourceTree = "<group>";
		};
/* End PBXVariantGroup section */

/* Begin XCBuildConfiguration section */
		2F1D516A2531C425005904AB /* Debug */ = {
			isa = XCBuildConfiguration;
			buildSettings = {
				ALWAYS_SEARCH_USER_PATHS = NO;
				CLANG_ANALYZER_NONNULL = YES;
				CLANG_ANALYZER_NUMBER_OBJECT_CONVERSION = YES_AGGRESSIVE;
				CLANG_CXX_LANGUAGE_STANDARD = "gnu++14";
				CLANG_CXX_LIBRARY = "libc++";
				CLANG_ENABLE_MODULES = YES;
				CLANG_ENABLE_OBJC_ARC = YES;
				CLANG_ENABLE_OBJC_WEAK = YES;
				CLANG_WARN_BLOCK_CAPTURE_AUTORELEASING = YES;
				CLANG_WARN_BOOL_CONVERSION = YES;
				CLANG_WARN_COMMA = YES;
				CLANG_WARN_CONSTANT_CONVERSION = YES;
				CLANG_WARN_DEPRECATED_OBJC_IMPLEMENTATIONS = YES;
				CLANG_WARN_DIRECT_OBJC_ISA_USAGE = YES_ERROR;
				CLANG_WARN_DOCUMENTATION_COMMENTS = YES;
				CLANG_WARN_EMPTY_BODY = YES;
				CLANG_WARN_ENUM_CONVERSION = YES;
				CLANG_WARN_INFINITE_RECURSION = YES;
				CLANG_WARN_INT_CONVERSION = YES;
				CLANG_WARN_NON_LITERAL_NULL_CONVERSION = YES;
				CLANG_WARN_OBJC_IMPLICIT_RETAIN_SELF = YES;
				CLANG_WARN_OBJC_LITERAL_CONVERSION = YES;
				CLANG_WARN_OBJC_ROOT_CLASS = YES_ERROR;
				CLANG_WARN_RANGE_LOOP_ANALYSIS = YES;
				CLANG_WARN_STRICT_PROTOTYPES = YES;
				CLANG_WARN_SUSPICIOUS_MOVE = YES;
				CLANG_WARN_UNGUARDED_AVAILABILITY = YES_AGGRESSIVE;
				CLANG_WARN_UNREACHABLE_CODE = YES;
				CLANG_WARN__DUPLICATE_METHOD_MATCH = YES;
				COPY_PHASE_STRIP = NO;
				DEBUG_INFORMATION_FORMAT = dwarf;
				ENABLE_STRICT_OBJC_MSGSEND = YES;
				ENABLE_TESTABILITY = YES;
				GCC_C_LANGUAGE_STANDARD = gnu11;
				GCC_DYNAMIC_NO_PIC = NO;
				GCC_NO_COMMON_BLOCKS = YES;
				GCC_OPTIMIZATION_LEVEL = 0;
				GCC_PREPROCESSOR_DEFINITIONS = (
					"DEBUG=1",
					"$(inherited)",
				);
				GCC_WARN_64_TO_32_BIT_CONVERSION = YES;
				GCC_WARN_ABOUT_RETURN_TYPE = YES_ERROR;
				GCC_WARN_UNDECLARED_SELECTOR = YES;
				GCC_WARN_UNINITIALIZED_AUTOS = YES_AGGRESSIVE;
				GCC_WARN_UNUSED_FUNCTION = YES;
				GCC_WARN_UNUSED_VARIABLE = YES;
				IPHONEOS_DEPLOYMENT_TARGET = 13.7;
				MTL_ENABLE_DEBUG_INFO = INCLUDE_SOURCE;
				MTL_FAST_MATH = YES;
				ONLY_ACTIVE_ARCH = YES;
				SDKROOT = iphoneos;
				SWIFT_ACTIVE_COMPILATION_CONDITIONS = DEBUG;
				SWIFT_OPTIMIZATION_LEVEL = "-Onone";
			};
			name = Debug;
		};
		2F1D516B2531C425005904AB /* Release */ = {
			isa = XCBuildConfiguration;
			buildSettings = {
				ALWAYS_SEARCH_USER_PATHS = NO;
				CLANG_ANALYZER_NONNULL = YES;
				CLANG_ANALYZER_NUMBER_OBJECT_CONVERSION = YES_AGGRESSIVE;
				CLANG_CXX_LANGUAGE_STANDARD = "gnu++14";
				CLANG_CXX_LIBRARY = "libc++";
				CLANG_ENABLE_MODULES = YES;
				CLANG_ENABLE_OBJC_ARC = YES;
				CLANG_ENABLE_OBJC_WEAK = YES;
				CLANG_WARN_BLOCK_CAPTURE_AUTORELEASING = YES;
				CLANG_WARN_BOOL_CONVERSION = YES;
				CLANG_WARN_COMMA = YES;
				CLANG_WARN_CONSTANT_CONVERSION = YES;
				CLANG_WARN_DEPRECATED_OBJC_IMPLEMENTATIONS = YES;
				CLANG_WARN_DIRECT_OBJC_ISA_USAGE = YES_ERROR;
				CLANG_WARN_DOCUMENTATION_COMMENTS = YES;
				CLANG_WARN_EMPTY_BODY = YES;
				CLANG_WARN_ENUM_CONVERSION = YES;
				CLANG_WARN_INFINITE_RECURSION = YES;
				CLANG_WARN_INT_CONVERSION = YES;
				CLANG_WARN_NON_LITERAL_NULL_CONVERSION = YES;
				CLANG_WARN_OBJC_IMPLICIT_RETAIN_SELF = YES;
				CLANG_WARN_OBJC_LITERAL_CONVERSION = YES;
				CLANG_WARN_OBJC_ROOT_CLASS = YES_ERROR;
				CLANG_WARN_RANGE_LOOP_ANALYSIS = YES;
				CLANG_WARN_STRICT_PROTOTYPES = YES;
				CLANG_WARN_SUSPICIOUS_MOVE = YES;
				CLANG_WARN_UNGUARDED_AVAILABILITY = YES_AGGRESSIVE;
				CLANG_WARN_UNREACHABLE_CODE = YES;
				CLANG_WARN__DUPLICATE_METHOD_MATCH = YES;
				COPY_PHASE_STRIP = NO;
				DEBUG_INFORMATION_FORMAT = "dwarf-with-dsym";
				ENABLE_NS_ASSERTIONS = NO;
				ENABLE_STRICT_OBJC_MSGSEND = YES;
				GCC_C_LANGUAGE_STANDARD = gnu11;
				GCC_NO_COMMON_BLOCKS = YES;
				GCC_WARN_64_TO_32_BIT_CONVERSION = YES;
				GCC_WARN_ABOUT_RETURN_TYPE = YES_ERROR;
				GCC_WARN_UNDECLARED_SELECTOR = YES;
				GCC_WARN_UNINITIALIZED_AUTOS = YES_AGGRESSIVE;
				GCC_WARN_UNUSED_FUNCTION = YES;
				GCC_WARN_UNUSED_VARIABLE = YES;
				IPHONEOS_DEPLOYMENT_TARGET = 13.7;
				MTL_ENABLE_DEBUG_INFO = NO;
				MTL_FAST_MATH = YES;
				SDKROOT = iphoneos;
				SWIFT_COMPILATION_MODE = wholemodule;
				SWIFT_OPTIMIZATION_LEVEL = "-O";
				VALIDATE_PRODUCT = YES;
			};
			name = Release;
		};
		2F1D516D2531C425005904AB /* Debug */ = {
			isa = XCBuildConfiguration;
			buildSettings = {
				ASSETCATALOG_COMPILER_APPICON_NAME = AppIcon;
				CODE_SIGN_STYLE = Automatic;
				DEVELOPMENT_TEAM = TFMF8V2D92;
				INFOPLIST_FILE = LojaVirtual/Info.plist;
				LD_RUNPATH_SEARCH_PATHS = (
					"$(inherited)",
					"@executable_path/Frameworks",
				);
				PRODUCT_BUNDLE_IDENTIFIER = br.pro.nova.LojaVirtual;
				PRODUCT_NAME = "$(TARGET_NAME)";
				SWIFT_VERSION = 5.0;
				TARGETED_DEVICE_FAMILY = 1;
			};
			name = Debug;
		};
		2F1D516E2531C425005904AB /* Release */ = {
			isa = XCBuildConfiguration;
			buildSettings = {
				ASSETCATALOG_COMPILER_APPICON_NAME = AppIcon;
				CODE_SIGN_STYLE = Automatic;
				DEVELOPMENT_TEAM = TFMF8V2D92;
				INFOPLIST_FILE = LojaVirtual/Info.plist;
				LD_RUNPATH_SEARCH_PATHS = (
					"$(inherited)",
					"@executable_path/Frameworks",
				);
				PRODUCT_BUNDLE_IDENTIFIER = br.pro.nova.LojaVirtual;
				PRODUCT_NAME = "$(TARGET_NAME)";
				SWIFT_VERSION = 5.0;
				TARGETED_DEVICE_FAMILY = 1;
			};
			name = Release;
		};
/* End XCBuildConfiguration section */

/* Begin XCConfigurationList section */
		2F1D51532531C422005904AB /* Build configuration list for PBXProject "LojaVirtual" */ = {
			isa = XCConfigurationList;
			buildConfigurations = (
				2F1D516A2531C425005904AB /* Debug */,
				2F1D516B2531C425005904AB /* Release */,
			);
			defaultConfigurationIsVisible = 0;
			defaultConfigurationName = Release;
		};
		2F1D516C2531C425005904AB /* Build configuration list for PBXNativeTarget "LojaVirtual" */ = {
			isa = XCConfigurationList;
			buildConfigurations = (
				2F1D516D2531C425005904AB /* Debug */,
				2F1D516E2531C425005904AB /* Release */,
			);
			defaultConfigurationIsVisible = 0;
			defaultConfigurationName = Release;
		};
/* End XCConfigurationList section */
	};
	rootObject = 2F1D51502531C422005904AB /* Project object */;
}
